
Microsoft Visual Studio Solution File, Format Version 12.00
# Visual Studio Version 17
VisualStudioVersion = 17.14.36202.13 d17.14
MinimumVisualStudioVersion = 10.0.40219.1
Project("{FAE04EC0-301F-11D3-BF4B-00C04F79EFBC}") = "ProyectSCI", "ProyectSCI\ProyectSCI.csproj", "{5DCADBA3-20ED-4D0F-AC47-19625F11719B}"
EndProject
Project("{FAE04EC0-301F-11D3-BF4B-00C04F79EFBC}") = "Bibliotec1", "Bibliotec1\Bibliotec1.csproj", "{29DD42C0-D748-4C6F-A940-EAC4B62C80FE}"
EndProject
Global
	GlobalSection(SolutionConfigurationPlatforms) = preSolution
		Debug|Any CPU = Debug|Any CPU
		Release|Any CPU = Release|Any CPU
	EndGlobalSection
	GlobalSection(ProjectConfigurationPlatforms) = postSolution
		{5DCADBA3-20ED-4D0F-AC47-19625F11719B}.Debug|Any CPU.ActiveCfg = Debug|Any CPU
		{5DCADBA3-20ED-4D0F-AC47-19625F11719B}.Debug|Any CPU.Build.0 = Debug|Any CPU
		{5DCADBA3-20ED-4D0F-AC47-19625F11719B}.Release|Any CPU.ActiveCfg = Release|Any CPU
		{5DCADBA3-20ED-4D0F-AC47-19625F11719B}.Release|Any CPU.Build.0 = Release|Any CPU
		{29DD42C0-D748-4C6F-A940-EAC4B62C80FE}.Debug|Any CPU.ActiveCfg = Debug|Any CPU
		{29DD42C0-D748-4C6F-A940-EAC4B62C80FE}.Debug|Any CPU.Build.0 = Debug|Any CPU
		{29DD42C0-D748-4C6F-A940-EAC4B62C80FE}.Release|Any CPU.ActiveCfg = Release|Any CPU
		{29DD42C0-D748-4C6F-A940-EAC4B62C80FE}.Release|Any CPU.Build.0 = Release|Any CPU
	EndGlobalSection
	GlobalSection(SolutionProperties) = preSolution
		HideSolutionNode = FALSE
	EndGlobalSection
	GlobalSection(ExtensibilityGlobals) = postSolution
		SolutionGuid = {0491A6CC-B1CE-4137-AC2B-36E6804AB9A4}
	EndGlobalSection
EndGlobal
