
Microsoft Visual Studio Solution File, Format Version 12.00
# Visual Studio Version 17
VisualStudioVersion = 17.14.36202.13 d17.14
MinimumVisualStudioVersion = 10.0.40219.1
Project("{FAE04EC0-301F-11D3-BF4B-00C04F79EFBC}") = "ProyectSCI", "ProyectSCI\ProyectSCI.csproj", "{6AE32FE4-0C5A-4DA1-8138-CF56B800BF92}"
EndProject
Global
	GlobalSection(SolutionConfigurationPlatforms) = preSolution
		Debug|Any CPU = Debug|Any CPU
		Release|Any CPU = Release|Any CPU
	EndGlobalSection
	GlobalSection(ProjectConfigurationPlatforms) = postSolution
		{6AE32FE4-0C5A-4DA1-8138-CF56B800BF92}.Debug|Any CPU.ActiveCfg = Debug|Any CPU
		{6AE32FE4-0C5A-4DA1-8138-CF56B800BF92}.Debug|Any CPU.Build.0 = Debug|Any CPU
		{6AE32FE4-0C5A-4DA1-8138-CF56B800BF92}.Release|Any CPU.ActiveCfg = Release|Any CPU
		{6AE32FE4-0C5A-4DA1-8138-CF56B800BF92}.Release|Any CPU.Build.0 = Release|Any CPU
	EndGlobalSection
	GlobalSection(SolutionProperties) = preSolution
		HideSolutionNode = FALSE
	EndGlobalSection
	GlobalSection(ExtensibilityGlobals) = postSolution
		SolutionGuid = {464906DC-F710-4679-A603-060E859A152D}
	EndGlobalSection
EndGlobal
